
Microsoft Visual Studio Solution File, Format Version 12.00
# Visual Studio Version 17
VisualStudioVersion = 17.2.32630.192
MinimumVisualStudioVersion = 10.0.40219.1
Project("{FAE04EC0-301F-11D3-BF4B-00C04F79EFBC}") = "AshtonDorsett.AdventureGame.ConsoleHost", "AshtonDorsett.AdventureGame.ConsoleHost\AshtonDorsett.AdventureGame.ConsoleHost.csproj", "{AF2DAE3A-9918-4D23-A4F1-D4E4CE85AC88}"
EndProject
Global
	GlobalSection(SolutionConfigurationPlatforms) = preSolution
		Debug|Any CPU = Debug|Any CPU
		Release|Any CPU = Release|Any CPU
	EndGlobalSection
	GlobalSection(ProjectConfigurationPlatforms) = postSolution
		{AF2DAE3A-9918-4D23-A4F1-D4E4CE85AC88}.Debug|Any CPU.ActiveCfg = Debug|Any CPU
		{AF2DAE3A-9918-4D23-A4F1-D4E4CE85AC88}.Debug|Any CPU.Build.0 = Debug|Any CPU
		{AF2DAE3A-9918-4D23-A4F1-D4E4CE85AC88}.Release|Any CPU.ActiveCfg = Release|Any CPU
		{AF2DAE3A-9918-4D23-A4F1-D4E4CE85AC88}.Release|Any CPU.Build.0 = Release|Any CPU
	EndGlobalSection
	GlobalSection(SolutionProperties) = preSolution
		HideSolutionNode = FALSE
	EndGlobalSection
	GlobalSection(ExtensibilityGlobals) = postSolution
		SolutionGuid = {AAE03B7A-5441-46B9-844A-796C426C6092}
	EndGlobalSection
EndGlobal
